
Microsoft Visual Studio Solution File, Format Version 12.00
# Visual Studio Version 16
VisualStudioVersion = 16.0.33423.256
MinimumVisualStudioVersion = 10.0.40219.1
Project("{9A19103F-16F7-4668-BE54-9A1E7A4F7556}") = "UIAutomation", "UIAutomation\UIAutomation.csproj", "{896C0BD5-ADE2-4665-B40B-9A0B39245505}"
EndProject
Project("{9A19103F-16F7-4668-BE54-9A1E7A4F7556}") = "APIAutomation", "APIAutomation\APIAutomation.csproj", "{8F34B43A-69DF-422B-A6FC-501434787C86}"
EndProject
Project("{2150E333-8FDC-42A3-9474-1A3956D46DE8}") = "Solution Items", "Solution Items", "{89786BB9-A8AF-49F5-B9CD-573E67656B5F}"
	ProjectSection(SolutionItems) = preProject
		README.md = README.md
		SpecFlowExercise-CI.yml = SpecFlowExercise-CI.yml
	EndProjectSection
EndProject
Global
	GlobalSection(SolutionConfigurationPlatforms) = preSolution
		Debug|Any CPU = Debug|Any CPU
		Release|Any CPU = Release|Any CPU
	EndGlobalSection
	GlobalSection(ProjectConfigurationPlatforms) = postSolution
		{896C0BD5-ADE2-4665-B40B-9A0B39245505}.Debug|Any CPU.ActiveCfg = Debug|Any CPU
		{896C0BD5-ADE2-4665-B40B-9A0B39245505}.Debug|Any CPU.Build.0 = Debug|Any CPU
		{896C0BD5-ADE2-4665-B40B-9A0B39245505}.Release|Any CPU.ActiveCfg = Release|Any CPU
		{896C0BD5-ADE2-4665-B40B-9A0B39245505}.Release|Any CPU.Build.0 = Release|Any CPU
		{8F34B43A-69DF-422B-A6FC-501434787C86}.Debug|Any CPU.ActiveCfg = Debug|Any CPU
		{8F34B43A-69DF-422B-A6FC-501434787C86}.Debug|Any CPU.Build.0 = Debug|Any CPU
		{8F34B43A-69DF-422B-A6FC-501434787C86}.Release|Any CPU.ActiveCfg = Release|Any CPU
		{8F34B43A-69DF-422B-A6FC-501434787C86}.Release|Any CPU.Build.0 = Release|Any CPU
	EndGlobalSection
	GlobalSection(SolutionProperties) = preSolution
		HideSolutionNode = FALSE
	EndGlobalSection
	GlobalSection(ExtensibilityGlobals) = postSolution
		SolutionGuid = {EBBF94DA-5620-4239-94FE-57465977C837}
	EndGlobalSection
EndGlobal
